
Microsoft Visual Studio Solution File, Format Version 12.00
# Visual Studio 15
VisualStudioVersion = 15.0.28010.2041
MinimumVisualStudioVersion = 10.0.40219.1
Project("{2150E333-8FDC-42A3-9474-1A3956D46DE8}") = "Examples", "Examples", "{881E6404-971E-4E03-AC4B-1E4E549FF1D3}"
EndProject
Project("{2150E333-8FDC-42A3-9474-1A3956D46DE8}") = "SimpleBoxProp", "SimpleBoxProp", "{9EDC1470-7CC1-4DBF-B054-6FDC5AB644D7}"
EndProject
Project("{FAE04EC0-301F-11D3-BF4B-00C04F79EFBC}") = "BoxPropServer", "Examples\BoxPropServer\BoxPropServer.csproj", "{687ABA6D-EB5F-43DF-83FC-613AC80EDB41}"
EndProject
Project("{FAE04EC0-301F-11D3-BF4B-00C04F79EFBC}") = "QLabInterface", "QLabInterface\QLabInterface.csproj", "{A739651C-C099-4657-98E2-1183EF050041}"
EndProject
Project("{FAE04EC0-301F-11D3-BF4B-00C04F79EFBC}") = "DeviceInterface", "DeviceInterface\DeviceInterface.csproj", "{5C197B55-5326-46A9-AF46-B33E19D448B3}"
EndProject
Global
	GlobalSection(SolutionConfigurationPlatforms) = preSolution
		Debug|Any CPU = Debug|Any CPU
		Debug|x86 = Debug|x86
		Release|Any CPU = Release|Any CPU
		Release|x86 = Release|x86
	EndGlobalSection
	GlobalSection(ProjectConfigurationPlatforms) = postSolution
		{687ABA6D-EB5F-43DF-83FC-613AC80EDB41}.Debug|Any CPU.ActiveCfg = Debug|Any CPU
		{687ABA6D-EB5F-43DF-83FC-613AC80EDB41}.Debug|Any CPU.Build.0 = Debug|Any CPU
		{687ABA6D-EB5F-43DF-83FC-613AC80EDB41}.Debug|x86.ActiveCfg = Debug|Any CPU
		{687ABA6D-EB5F-43DF-83FC-613AC80EDB41}.Debug|x86.Build.0 = Debug|Any CPU
		{687ABA6D-EB5F-43DF-83FC-613AC80EDB41}.Release|Any CPU.ActiveCfg = Release|Any CPU
		{687ABA6D-EB5F-43DF-83FC-613AC80EDB41}.Release|Any CPU.Build.0 = Release|Any CPU
		{687ABA6D-EB5F-43DF-83FC-613AC80EDB41}.Release|x86.ActiveCfg = Release|Any CPU
		{687ABA6D-EB5F-43DF-83FC-613AC80EDB41}.Release|x86.Build.0 = Release|Any CPU
		{A739651C-C099-4657-98E2-1183EF050041}.Debug|Any CPU.ActiveCfg = Debug|Any CPU
		{A739651C-C099-4657-98E2-1183EF050041}.Debug|Any CPU.Build.0 = Debug|Any CPU
		{A739651C-C099-4657-98E2-1183EF050041}.Debug|x86.ActiveCfg = Debug|Any CPU
		{A739651C-C099-4657-98E2-1183EF050041}.Debug|x86.Build.0 = Debug|Any CPU
		{A739651C-C099-4657-98E2-1183EF050041}.Release|Any CPU.ActiveCfg = Release|Any CPU
		{A739651C-C099-4657-98E2-1183EF050041}.Release|Any CPU.Build.0 = Release|Any CPU
		{A739651C-C099-4657-98E2-1183EF050041}.Release|x86.ActiveCfg = Release|Any CPU
		{A739651C-C099-4657-98E2-1183EF050041}.Release|x86.Build.0 = Release|Any CPU
		{5C197B55-5326-46A9-AF46-B33E19D448B3}.Debug|Any CPU.ActiveCfg = Debug|Any CPU
		{5C197B55-5326-46A9-AF46-B33E19D448B3}.Debug|Any CPU.Build.0 = Debug|Any CPU
		{5C197B55-5326-46A9-AF46-B33E19D448B3}.Debug|x86.ActiveCfg = Debug|Any CPU
		{5C197B55-5326-46A9-AF46-B33E19D448B3}.Debug|x86.Build.0 = Debug|Any CPU
		{5C197B55-5326-46A9-AF46-B33E19D448B3}.Release|Any CPU.ActiveCfg = Release|Any CPU
		{5C197B55-5326-46A9-AF46-B33E19D448B3}.Release|Any CPU.Build.0 = Release|Any CPU
		{5C197B55-5326-46A9-AF46-B33E19D448B3}.Release|x86.ActiveCfg = Release|Any CPU
		{5C197B55-5326-46A9-AF46-B33E19D448B3}.Release|x86.Build.0 = Release|Any CPU
	EndGlobalSection
	GlobalSection(SolutionProperties) = preSolution
		HideSolutionNode = FALSE
	EndGlobalSection
	GlobalSection(NestedProjects) = preSolution
		{9EDC1470-7CC1-4DBF-B054-6FDC5AB644D7} = {881E6404-971E-4E03-AC4B-1E4E549FF1D3}
		{687ABA6D-EB5F-43DF-83FC-613AC80EDB41} = {9EDC1470-7CC1-4DBF-B054-6FDC5AB644D7}
	EndGlobalSection
	GlobalSection(ExtensibilityGlobals) = postSolution
		SolutionGuid = {EFFF883C-8AC4-49C1-8080-97516D7F7EB0}
	EndGlobalSection
EndGlobal
