
Microsoft Visual Studio Solution File, Format Version 12.00
# Visual Studio 15
VisualStudioVersion = 15.0.28010.2041
MinimumVisualStudioVersion = 10.0.40219.1
Project("{9A19103F-16F7-4668-BE54-9A1E7A4F7556}") = "QLabOscClientTester", "QLabOscClient\QLabOscClientTester.csproj", "{502505D7-5C87-4E0A-A5B8-99C92439A22D}"
EndProject
Project("{9A19103F-16F7-4668-BE54-9A1E7A4F7556}") = "QLabOSCInterface", "QLabOSCInterface\QLabOSCInterface.csproj", "{707208F6-015E-4037-A661-5CD481161678}"
EndProject
Project("{FAE04EC0-301F-11D3-BF4B-00C04F79EFBC}") = "PropClientTester", "PropClientTester\PropClientTester.csproj", "{C8CCE865-52B4-4F24-BAC0-BDBDFFB0FA9D}"
EndProject
Project("{8BC9CEB8-8B4A-11D0-8D11-00A0C91BC942}") = "ArduinoPropLibrary", "ArduinoPropLibrary\ArduinoPropLibrary.vcxitems", "{8054759B-E1B1-4DC7-BC89-3F12AC85014A}"
EndProject
Project("{8BC9CEB8-8B4A-11D0-8D11-00A0C91BC942}") = "ArduinoPropTester", "ArduinoPropTester\ArduinoPropTester.vcxproj", "{C5F80730-F44F-4478-BDAE-6634EFC2CA88}"
EndProject
Project("{9A19103F-16F7-4668-BE54-9A1E7A4F7556}") = "DeviceInterface", "DeviceInterface\DeviceInterface.csproj", "{E84441EC-5FE4-4ABA-9A6E-9F89E1296510}"
EndProject
Project("{9A19103F-16F7-4668-BE54-9A1E7A4F7556}") = "TechnicalPropClient", "TechnicalPropClient\TechnicalPropClient.csproj", "{90442BCE-13BF-4BDA-B377-995AC01DB4FD}"
EndProject
Project("{FAE04EC0-301F-11D3-BF4B-00C04F79EFBC}") = "WebApplication1", "WebApplication1\WebApplication1.csproj", "{1945550D-4E49-4B8E-9C08-1AA4F60AC2C2}"
EndProject
Global
	GlobalSection(SolutionConfigurationPlatforms) = preSolution
		Debug|Any CPU = Debug|Any CPU
		Debug|x86 = Debug|x86
		Release|Any CPU = Release|Any CPU
		Release|x86 = Release|x86
	EndGlobalSection
	GlobalSection(ProjectConfigurationPlatforms) = postSolution
		{502505D7-5C87-4E0A-A5B8-99C92439A22D}.Debug|Any CPU.ActiveCfg = Debug|Any CPU
		{502505D7-5C87-4E0A-A5B8-99C92439A22D}.Debug|Any CPU.Build.0 = Debug|Any CPU
		{502505D7-5C87-4E0A-A5B8-99C92439A22D}.Debug|x86.ActiveCfg = Debug|Any CPU
		{502505D7-5C87-4E0A-A5B8-99C92439A22D}.Debug|x86.Build.0 = Debug|Any CPU
		{502505D7-5C87-4E0A-A5B8-99C92439A22D}.Release|Any CPU.ActiveCfg = Release|Any CPU
		{502505D7-5C87-4E0A-A5B8-99C92439A22D}.Release|Any CPU.Build.0 = Release|Any CPU
		{502505D7-5C87-4E0A-A5B8-99C92439A22D}.Release|x86.ActiveCfg = Release|Any CPU
		{502505D7-5C87-4E0A-A5B8-99C92439A22D}.Release|x86.Build.0 = Release|Any CPU
		{707208F6-015E-4037-A661-5CD481161678}.Debug|Any CPU.ActiveCfg = Debug|Any CPU
		{707208F6-015E-4037-A661-5CD481161678}.Debug|Any CPU.Build.0 = Debug|Any CPU
		{707208F6-015E-4037-A661-5CD481161678}.Debug|x86.ActiveCfg = Debug|Any CPU
		{707208F6-015E-4037-A661-5CD481161678}.Debug|x86.Build.0 = Debug|Any CPU
		{707208F6-015E-4037-A661-5CD481161678}.Release|Any CPU.ActiveCfg = Release|Any CPU
		{707208F6-015E-4037-A661-5CD481161678}.Release|Any CPU.Build.0 = Release|Any CPU
		{707208F6-015E-4037-A661-5CD481161678}.Release|x86.ActiveCfg = Release|Any CPU
		{707208F6-015E-4037-A661-5CD481161678}.Release|x86.Build.0 = Release|Any CPU
		{C8CCE865-52B4-4F24-BAC0-BDBDFFB0FA9D}.Debug|Any CPU.ActiveCfg = Debug|Any CPU
		{C8CCE865-52B4-4F24-BAC0-BDBDFFB0FA9D}.Debug|Any CPU.Build.0 = Debug|Any CPU
		{C8CCE865-52B4-4F24-BAC0-BDBDFFB0FA9D}.Debug|x86.ActiveCfg = Debug|Any CPU
		{C8CCE865-52B4-4F24-BAC0-BDBDFFB0FA9D}.Debug|x86.Build.0 = Debug|Any CPU
		{C8CCE865-52B4-4F24-BAC0-BDBDFFB0FA9D}.Release|Any CPU.ActiveCfg = Release|Any CPU
		{C8CCE865-52B4-4F24-BAC0-BDBDFFB0FA9D}.Release|Any CPU.Build.0 = Release|Any CPU
		{C8CCE865-52B4-4F24-BAC0-BDBDFFB0FA9D}.Release|x86.ActiveCfg = Release|Any CPU
		{C8CCE865-52B4-4F24-BAC0-BDBDFFB0FA9D}.Release|x86.Build.0 = Release|Any CPU
		{C5F80730-F44F-4478-BDAE-6634EFC2CA88}.Debug|Any CPU.ActiveCfg = Debug|Win32
		{C5F80730-F44F-4478-BDAE-6634EFC2CA88}.Debug|x86.ActiveCfg = Debug|Win32
		{C5F80730-F44F-4478-BDAE-6634EFC2CA88}.Debug|x86.Build.0 = Debug|Win32
		{C5F80730-F44F-4478-BDAE-6634EFC2CA88}.Release|Any CPU.ActiveCfg = Release|Win32
		{C5F80730-F44F-4478-BDAE-6634EFC2CA88}.Release|x86.ActiveCfg = Release|Win32
		{C5F80730-F44F-4478-BDAE-6634EFC2CA88}.Release|x86.Build.0 = Release|Win32
		{E84441EC-5FE4-4ABA-9A6E-9F89E1296510}.Debug|Any CPU.ActiveCfg = Debug|Any CPU
		{E84441EC-5FE4-4ABA-9A6E-9F89E1296510}.Debug|Any CPU.Build.0 = Debug|Any CPU
		{E84441EC-5FE4-4ABA-9A6E-9F89E1296510}.Debug|x86.ActiveCfg = Debug|Any CPU
		{E84441EC-5FE4-4ABA-9A6E-9F89E1296510}.Debug|x86.Build.0 = Debug|Any CPU
		{E84441EC-5FE4-4ABA-9A6E-9F89E1296510}.Release|Any CPU.ActiveCfg = Release|Any CPU
		{E84441EC-5FE4-4ABA-9A6E-9F89E1296510}.Release|Any CPU.Build.0 = Release|Any CPU
		{E84441EC-5FE4-4ABA-9A6E-9F89E1296510}.Release|x86.ActiveCfg = Release|Any CPU
		{E84441EC-5FE4-4ABA-9A6E-9F89E1296510}.Release|x86.Build.0 = Release|Any CPU
		{90442BCE-13BF-4BDA-B377-995AC01DB4FD}.Debug|Any CPU.ActiveCfg = Debug|Any CPU
		{90442BCE-13BF-4BDA-B377-995AC01DB4FD}.Debug|Any CPU.Build.0 = Debug|Any CPU
		{90442BCE-13BF-4BDA-B377-995AC01DB4FD}.Debug|x86.ActiveCfg = Debug|Any CPU
		{90442BCE-13BF-4BDA-B377-995AC01DB4FD}.Debug|x86.Build.0 = Debug|Any CPU
		{90442BCE-13BF-4BDA-B377-995AC01DB4FD}.Release|Any CPU.ActiveCfg = Release|Any CPU
		{90442BCE-13BF-4BDA-B377-995AC01DB4FD}.Release|Any CPU.Build.0 = Release|Any CPU
		{90442BCE-13BF-4BDA-B377-995AC01DB4FD}.Release|x86.ActiveCfg = Release|Any CPU
		{90442BCE-13BF-4BDA-B377-995AC01DB4FD}.Release|x86.Build.0 = Release|Any CPU
		{1945550D-4E49-4B8E-9C08-1AA4F60AC2C2}.Debug|Any CPU.ActiveCfg = Debug|Any CPU
		{1945550D-4E49-4B8E-9C08-1AA4F60AC2C2}.Debug|Any CPU.Build.0 = Debug|Any CPU
		{1945550D-4E49-4B8E-9C08-1AA4F60AC2C2}.Debug|x86.ActiveCfg = Debug|Any CPU
		{1945550D-4E49-4B8E-9C08-1AA4F60AC2C2}.Debug|x86.Build.0 = Debug|Any CPU
		{1945550D-4E49-4B8E-9C08-1AA4F60AC2C2}.Release|Any CPU.ActiveCfg = Release|Any CPU
		{1945550D-4E49-4B8E-9C08-1AA4F60AC2C2}.Release|Any CPU.Build.0 = Release|Any CPU
		{1945550D-4E49-4B8E-9C08-1AA4F60AC2C2}.Release|x86.ActiveCfg = Release|Any CPU
		{1945550D-4E49-4B8E-9C08-1AA4F60AC2C2}.Release|x86.Build.0 = Release|Any CPU
	EndGlobalSection
	GlobalSection(SolutionProperties) = preSolution
		HideSolutionNode = FALSE
	EndGlobalSection
	GlobalSection(ExtensibilityGlobals) = postSolution
		SolutionGuid = {EFFF883C-8AC4-49C1-8080-97516D7F7EB0}
	EndGlobalSection
EndGlobal
